
Microsoft Visual Studio Solution File, Format Version 12.00
# Visual Studio Version 17
VisualStudioVersion = 17.7.34003.232
MinimumVisualStudioVersion = 10.0.40219.1
Project("{FAE04EC0-301F-11D3-BF4B-00C04F79EFBC}") = "Nightwrap", "Nightwrap.csproj", "{541CFA20-A084-4A64-AFAA-C5C336B3C9A4}"
EndProject
Global
	GlobalSection(SolutionConfigurationPlatforms) = preSolution
		Debug|Any CPU = Debug|Any CPU
		Release|Any CPU = Release|Any CPU
	EndGlobalSection
	GlobalSection(ProjectConfigurationPlatforms) = postSolution
		{541CFA20-A084-4A64-AFAA-C5C336B3C9A4}.Debug|Any CPU.ActiveCfg = Debug|Any CPU
		{541CFA20-A084-4A64-AFAA-C5C336B3C9A4}.Debug|Any CPU.Build.0 = Debug|Any CPU
		{541CFA20-A084-4A64-AFAA-C5C336B3C9A4}.Release|Any CPU.ActiveCfg = Release|Any CPU
		{541CFA20-A084-4A64-AFAA-C5C336B3C9A4}.Release|Any CPU.Build.0 = Release|Any CPU
	EndGlobalSection
	GlobalSection(SolutionProperties) = preSolution
		HideSolutionNode = FALSE
	EndGlobalSection
	GlobalSection(ExtensibilityGlobals) = postSolution
		SolutionGuid = {4C51D33E-DFF7-445D-AA0E-E28171D6D793}
	EndGlobalSection
EndGlobal
