
Microsoft Visual Studio Solution File, Format Version 12.00
# Visual Studio Version 17
VisualStudioVersion = 17.7.34003.232
MinimumVisualStudioVersion = 10.0.40219.1
Project("{9A19103F-16F7-4668-BE54-9A1E7A4F7556}") = "Nightwrap", "Nightwrap.csproj", "{541CFA20-A084-4A64-AFAA-C5C336B3C9A4}"
EndProject
Project("{54435603-DBB4-11D2-8724-00A0C9A8B90C}") = "Nightwrap Setup", "..\Nightwrap Setup\Nightwrap Setup.vdproj", "{ABA50975-6F0B-427D-A29B-2E1034D01D1F}"
EndProject
Global
	GlobalSection(SolutionConfigurationPlatforms) = preSolution
		Debug|Any CPU = Debug|Any CPU
		Release|Any CPU = Release|Any CPU
	EndGlobalSection
	GlobalSection(ProjectConfigurationPlatforms) = postSolution
		{541CFA20-A084-4A64-AFAA-C5C336B3C9A4}.Debug|Any CPU.ActiveCfg = Debug|Any CPU
		{541CFA20-A084-4A64-AFAA-C5C336B3C9A4}.Debug|Any CPU.Build.0 = Debug|Any CPU
		{541CFA20-A084-4A64-AFAA-C5C336B3C9A4}.Release|Any CPU.ActiveCfg = Release|Any CPU
		{541CFA20-A084-4A64-AFAA-C5C336B3C9A4}.Release|Any CPU.Build.0 = Release|Any CPU
		{ABA50975-6F0B-427D-A29B-2E1034D01D1F}.Debug|Any CPU.ActiveCfg = Debug
		{ABA50975-6F0B-427D-A29B-2E1034D01D1F}.Release|Any CPU.ActiveCfg = Release
	EndGlobalSection
	GlobalSection(SolutionProperties) = preSolution
		HideSolutionNode = FALSE
	EndGlobalSection
	GlobalSection(ExtensibilityGlobals) = postSolution
		SolutionGuid = {4C51D33E-DFF7-445D-AA0E-E28171D6D793}
	EndGlobalSection
EndGlobal
